
Microsoft Visual Studio Solution File, Format Version 12.00
# Visual Studio Version 17
VisualStudioVersion = 17.14.36414.22 d17.14
MinimumVisualStudioVersion = 10.0.40219.1
Project("{FAE04EC0-301F-11D3-BF4B-00C04F79EFBC}") = "GravshipThrusterNoBlocked", "GravshipThrusterBlocked_Patch\GravshipThrusterNoBlocked.csproj", "{5EF80BA1-1A66-43BC-B604-DE3C0A0D0F50}"
EndProject
Global
	GlobalSection(SolutionConfigurationPlatforms) = preSolution
		Debug|Any CPU = Debug|Any CPU
		Release|Any CPU = Release|Any CPU
	EndGlobalSection
	GlobalSection(ProjectConfigurationPlatforms) = postSolution
		{5EF80BA1-1A66-43BC-B604-DE3C0A0D0F50}.Debug|Any CPU.ActiveCfg = Debug|Any CPU
		{5EF80BA1-1A66-43BC-B604-DE3C0A0D0F50}.Debug|Any CPU.Build.0 = Debug|Any CPU
		{5EF80BA1-1A66-43BC-B604-DE3C0A0D0F50}.Release|Any CPU.ActiveCfg = Release|Any CPU
		{5EF80BA1-1A66-43BC-B604-DE3C0A0D0F50}.Release|Any CPU.Build.0 = Release|Any CPU
	EndGlobalSection
	GlobalSection(SolutionProperties) = preSolution
		HideSolutionNode = FALSE
	EndGlobalSection
	GlobalSection(ExtensibilityGlobals) = postSolution
		SolutionGuid = {FE3B1BE1-7C77-4521-B99B-4412EE3F4E28}
	EndGlobalSection
EndGlobal
